
Microsoft Visual Studio Solution File, Format Version 12.00
# Visual Studio Version 17
VisualStudioVersion = 17.5.33627.172
MinimumVisualStudioVersion = 10.0.40219.1
Project("{FAE04EC0-301F-11D3-BF4B-00C04F79EFBC}") = "TwoDecksOfCard", "TwoDecksOfCard.csproj", "{849B18A4-B25A-494A-AE4C-6A986340437B}"
EndProject
Global
	GlobalSection(SolutionConfigurationPlatforms) = preSolution
		Debug|Any CPU = Debug|Any CPU
		Release|Any CPU = Release|Any CPU
	EndGlobalSection
	GlobalSection(ProjectConfigurationPlatforms) = postSolution
		{849B18A4-B25A-494A-AE4C-6A986340437B}.Debug|Any CPU.ActiveCfg = Debug|Any CPU
		{849B18A4-B25A-494A-AE4C-6A986340437B}.Debug|Any CPU.Build.0 = Debug|Any CPU
		{849B18A4-B25A-494A-AE4C-6A986340437B}.Release|Any CPU.ActiveCfg = Release|Any CPU
		{849B18A4-B25A-494A-AE4C-6A986340437B}.Release|Any CPU.Build.0 = Release|Any CPU
	EndGlobalSection
	GlobalSection(SolutionProperties) = preSolution
		HideSolutionNode = FALSE
	EndGlobalSection
	GlobalSection(ExtensibilityGlobals) = postSolution
		SolutionGuid = {D22A82A2-A388-417C-B3A2-1E18AFAC1FC3}
	EndGlobalSection
EndGlobal
